{
  "requires": true,
  "lockfileVersion": 1,
  "dependencies": {
    "v-clipboard": {
      "version": "2.2.3",
      "resolved": "https://registry.npmjs.org/v-clipboard/-/v-clipboard-2.2.3.tgz",
      "integrity": "sha512-Wg+ObZoYK6McHb5OOCFWvm0R7xHp0/p0G1ocx/8bO22jvA/yVY05rADbfiztwCokXBNfQuGv/XSd1ozcTFgekw=="
    },
    "vue-head": {
      "version": "2.2.0",
      "resolved": "https://registry.npmjs.org/vue-head/-/vue-head-2.2.0.tgz",
      "integrity": "sha512-Oss1gakOSPQ4e/XZ0yM7yolnhSDvfDYZbM6CDD3xkCpAyPfTR+Bv3tabgtKE41gHr5GzC/NJh1EwQSu7o05XRw=="
    }
  }
}
